{
  "version": 4,
  "terraform_version": "0.14.3",
  "serial": 87,
  "lineage": "42a97f0b-e9ed-c015-9c6a-a9ea47842465",
  "outputs": {
    "container": {
      "value": "tfdemocontainer0",
      "type": "string"
    },
    "dnszone": {
      "value": [
        "MYLI1.COM",
        "MYLI2.COM",
        "MYLI3.COM",
        "MYLI4.COM"
      ],
      "type": [
        "tuple",
        [
          "string",
          "string",
          "string",
          "string"
        ]
      ]
    },
    "public_ip": {
      "value": [
        "52.255.173.38",
        "52.188.52.193",
        "52.188.52.191"
      ],
      "type": [
        "tuple",
        [
          "string",
          "string",
          "string"
        ]
      ]
    },
    "random_password": {
      "value": "}VyR(PgE",
      "type": "string",
      "sensitive": true
    },
    "rgname": {
      "value": "AzureRMResource",
      "type": "string"
    },
    "storage": {
      "value": "azuredevopscoderedsto",
      "type": "string"
    }
  },
  "resources": [
    {
      "mode": "managed",
      "type": "azurerm_dns_zone",
      "name": "dnszone",
      "provider": "provider[\"registry.terraform.io/hashicorp/azurerm\"]",
      "instances": [
        {
          "index_key": 0,
          "schema_version": 0,
          "attributes": {
            "id": "/subscriptions/3f1757e1-b938-4c4f-8f00-6d2728f49f8d/resourceGroups/azurermresource/providers/Microsoft.Network/dnszones/myli1.com",
            "max_number_of_record_sets": 10000,
            "name": "myli1.com",
            "name_servers": [
              "ns1-07.azure-dns.com.",
              "ns2-07.azure-dns.net.",
              "ns3-07.azure-dns.org.",
              "ns4-07.azure-dns.info."
            ],
            "number_of_record_sets": 2,
            "resource_group_name": "azurermresource",
            "soa_record": [
              {
                "email": "azuredns-hostmaster.microsoft.com",
                "expire_time": 2419200,
                "fqdn": "myli1.com.",
                "host_name": "ns1-07.azure-dns.com.",
                "minimum_ttl": 300,
                "refresh_time": 3600,
                "retry_time": 300,
                "serial_number": 1,
                "tags": {},
                "ttl": 3600
              }
            ],
            "tags": null,
            "timeouts": null
          },
          "sensitive_attributes": [],
          "private": "eyJlMmJmYjczMC1lY2FhLTExZTYtOGY4OC0zNDM2M2JjN2M0YzAiOnsiY3JlYXRlIjoxODAwMDAwMDAwMDAwLCJkZWxldGUiOjE4MDAwMDAwMDAwMDAsInJlYWQiOjMwMDAwMDAwMDAwMCwidXBkYXRlIjoxODAwMDAwMDAwMDAwfX0=",
          "dependencies": [
            "azurerm_resource_group.resourcegroup"
          ]
        },
        {
          "index_key": 1,
          "schema_version": 0,
          "attributes": {
            "id": "/subscriptions/3f1757e1-b938-4c4f-8f00-6d2728f49f8d/resourceGroups/azurermresource/providers/Microsoft.Network/dnszones/myli2.com",
            "max_number_of_record_sets": 10000,
            "name": "myli2.com",
            "name_servers": [
              "ns1-01.azure-dns.com.",
              "ns2-01.azure-dns.net.",
              "ns3-01.azure-dns.org.",
              "ns4-01.azure-dns.info."
            ],
            "number_of_record_sets": 2,
            "resource_group_name": "azurermresource",
            "soa_record": [
              {
                "email": "azuredns-hostmaster.microsoft.com",
                "expire_time": 2419200,
                "fqdn": "myli2.com.",
                "host_name": "ns1-01.azure-dns.com.",
                "minimum_ttl": 300,
                "refresh_time": 3600,
                "retry_time": 300,
                "serial_number": 1,
                "tags": {},
                "ttl": 3600
              }
            ],
            "tags": null,
            "timeouts": null
          },
          "sensitive_attributes": [],
          "private": "eyJlMmJmYjczMC1lY2FhLTExZTYtOGY4OC0zNDM2M2JjN2M0YzAiOnsiY3JlYXRlIjoxODAwMDAwMDAwMDAwLCJkZWxldGUiOjE4MDAwMDAwMDAwMDAsInJlYWQiOjMwMDAwMDAwMDAwMCwidXBkYXRlIjoxODAwMDAwMDAwMDAwfX0=",
          "dependencies": [
            "azurerm_resource_group.resourcegroup"
          ]
        },
        {
          "index_key": 2,
          "schema_version": 0,
          "attributes": {
            "id": "/subscriptions/3f1757e1-b938-4c4f-8f00-6d2728f49f8d/resourceGroups/azurermresource/providers/Microsoft.Network/dnszones/myli3.com",
            "max_number_of_record_sets": 10000,
            "name": "myli3.com",
            "name_servers": [
              "ns1-04.azure-dns.com.",
              "ns2-04.azure-dns.net.",
              "ns3-04.azure-dns.org.",
              "ns4-04.azure-dns.info."
            ],
            "number_of_record_sets": 2,
            "resource_group_name": "azurermresource",
            "soa_record": [
              {
                "email": "azuredns-hostmaster.microsoft.com",
                "expire_time": 2419200,
                "fqdn": "myli3.com.",
                "host_name": "ns1-04.azure-dns.com.",
                "minimum_ttl": 300,
                "refresh_time": 3600,
                "retry_time": 300,
                "serial_number": 1,
                "tags": {},
                "ttl": 3600
              }
            ],
            "tags": null,
            "timeouts": null
          },
          "sensitive_attributes": [],
          "private": "eyJlMmJmYjczMC1lY2FhLTExZTYtOGY4OC0zNDM2M2JjN2M0YzAiOnsiY3JlYXRlIjoxODAwMDAwMDAwMDAwLCJkZWxldGUiOjE4MDAwMDAwMDAwMDAsInJlYWQiOjMwMDAwMDAwMDAwMCwidXBkYXRlIjoxODAwMDAwMDAwMDAwfX0=",
          "dependencies": [
            "azurerm_resource_group.resourcegroup"
          ]
        },
        {
          "index_key": 3,
          "schema_version": 0,
          "attributes": {
            "id": "/subscriptions/3f1757e1-b938-4c4f-8f00-6d2728f49f8d/resourceGroups/azurermresource/providers/Microsoft.Network/dnszones/myli4.com",
            "max_number_of_record_sets": 10000,
            "name": "myli4.com",
            "name_servers": [
              "ns1-01.azure-dns.com.",
              "ns2-01.azure-dns.net.",
              "ns3-01.azure-dns.org.",
              "ns4-01.azure-dns.info."
            ],
            "number_of_record_sets": 2,
            "resource_group_name": "azurermresource",
            "soa_record": [
              {
                "email": "azuredns-hostmaster.microsoft.com",
                "expire_time": 2419200,
                "fqdn": "myli4.com.",
                "host_name": "ns1-01.azure-dns.com.",
                "minimum_ttl": 300,
                "refresh_time": 3600,
                "retry_time": 300,
                "serial_number": 1,
                "tags": {},
                "ttl": 3600
              }
            ],
            "tags": null,
            "timeouts": null
          },
          "sensitive_attributes": [],
          "private": "eyJlMmJmYjczMC1lY2FhLTExZTYtOGY4OC0zNDM2M2JjN2M0YzAiOnsiY3JlYXRlIjoxODAwMDAwMDAwMDAwLCJkZWxldGUiOjE4MDAwMDAwMDAwMDAsInJlYWQiOjMwMDAwMDAwMDAwMCwidXBkYXRlIjoxODAwMDAwMDAwMDAwfX0=",
          "dependencies": [
            "azurerm_resource_group.resourcegroup"
          ]
        }
      ]
    },
    {
      "mode": "managed",
      "type": "azurerm_network_interface",
      "name": "nic",
      "provider": "provider[\"registry.terraform.io/hashicorp/azurerm\"]",
      "instances": [
        {
          "index_key": 0,
          "schema_version": 0,
          "attributes": {
            "applied_dns_servers": [],
            "dns_servers": [],
            "enable_accelerated_networking": false,
            "enable_ip_forwarding": false,
            "id": "/subscriptions/3f1757e1-b938-4c4f-8f00-6d2728f49f8d/resourceGroups/AzureRMResource/providers/Microsoft.Network/networkInterfaces/vm-nic0",
            "internal_dns_name_label": "",
            "internal_domain_name_suffix": "3frk2h0jhb1upd4yjiyosexykc.bx.internal.cloudapp.net",
            "ip_configuration": [
              {
                "name": "testconfig",
                "primary": true,
                "private_ip_address": "10.0.2.6",
                "private_ip_address_allocation": "Dynamic",
                "private_ip_address_version": "IPv4",
                "public_ip_address_id": "/subscriptions/3f1757e1-b938-4c4f-8f00-6d2728f49f8d/resourceGroups/AzureRMResource/providers/Microsoft.Network/publicIPAddresses/publicip0",
                "subnet_id": "/subscriptions/3f1757e1-b938-4c4f-8f00-6d2728f49f8d/resourceGroups/AzureRMResource/providers/Microsoft.Network/virtualNetworks/azurevnettfnetwork/subnets/subnetfortfcourse"
              }
            ],
            "location": "eastus",
            "mac_address": "",
            "name": "vm-nic0",
            "private_ip_address": "10.0.2.6",
            "private_ip_addresses": [
              "10.0.2.6"
            ],
            "resource_group_name": "AzureRMResource",
            "tags": null,
            "timeouts": null,
            "virtual_machine_id": ""
          },
          "sensitive_attributes": [],
          "private": "eyJlMmJmYjczMC1lY2FhLTExZTYtOGY4OC0zNDM2M2JjN2M0YzAiOnsiY3JlYXRlIjoxODAwMDAwMDAwMDAwLCJkZWxldGUiOjE4MDAwMDAwMDAwMDAsInJlYWQiOjMwMDAwMDAwMDAwMCwidXBkYXRlIjoxODAwMDAwMDAwMDAwfX0=",
          "dependencies": [
            "azurerm_public_ip.publicip",
            "azurerm_resource_group.resourcegroup",
            "azurerm_subnet.azsubnet",
            "azurerm_virtual_network.azvnet"
          ]
        },
        {
          "index_key": 1,
          "schema_version": 0,
          "attributes": {
            "applied_dns_servers": [],
            "dns_servers": [],
            "enable_accelerated_networking": false,
            "enable_ip_forwarding": false,
            "id": "/subscriptions/3f1757e1-b938-4c4f-8f00-6d2728f49f8d/resourceGroups/AzureRMResource/providers/Microsoft.Network/networkInterfaces/vm-nic1",
            "internal_dns_name_label": "",
            "internal_domain_name_suffix": "3frk2h0jhb1upd4yjiyosexykc.bx.internal.cloudapp.net",
            "ip_configuration": [
              {
                "name": "testconfig",
                "primary": true,
                "private_ip_address": "10.0.2.5",
                "private_ip_address_allocation": "Dynamic",
                "private_ip_address_version": "IPv4",
                "public_ip_address_id": "/subscriptions/3f1757e1-b938-4c4f-8f00-6d2728f49f8d/resourceGroups/AzureRMResource/providers/Microsoft.Network/publicIPAddresses/publicip1",
                "subnet_id": "/subscriptions/3f1757e1-b938-4c4f-8f00-6d2728f49f8d/resourceGroups/AzureRMResource/providers/Microsoft.Network/virtualNetworks/azurevnettfnetwork/subnets/subnetfortfcourse"
              }
            ],
            "location": "eastus",
            "mac_address": "",
            "name": "vm-nic1",
            "private_ip_address": "10.0.2.5",
            "private_ip_addresses": [
              "10.0.2.5"
            ],
            "resource_group_name": "AzureRMResource",
            "tags": null,
            "timeouts": null,
            "virtual_machine_id": ""
          },
          "sensitive_attributes": [],
          "private": "eyJlMmJmYjczMC1lY2FhLTExZTYtOGY4OC0zNDM2M2JjN2M0YzAiOnsiY3JlYXRlIjoxODAwMDAwMDAwMDAwLCJkZWxldGUiOjE4MDAwMDAwMDAwMDAsInJlYWQiOjMwMDAwMDAwMDAwMCwidXBkYXRlIjoxODAwMDAwMDAwMDAwfX0=",
          "dependencies": [
            "azurerm_public_ip.publicip",
            "azurerm_resource_group.resourcegroup",
            "azurerm_subnet.azsubnet",
            "azurerm_virtual_network.azvnet"
          ]
        },
        {
          "index_key": 2,
          "schema_version": 0,
          "attributes": {
            "applied_dns_servers": [],
            "dns_servers": [],
            "enable_accelerated_networking": false,
            "enable_ip_forwarding": false,
            "id": "/subscriptions/3f1757e1-b938-4c4f-8f00-6d2728f49f8d/resourceGroups/AzureRMResource/providers/Microsoft.Network/networkInterfaces/vm-nic2",
            "internal_dns_name_label": "",
            "internal_domain_name_suffix": "3frk2h0jhb1upd4yjiyosexykc.bx.internal.cloudapp.net",
            "ip_configuration": [
              {
                "name": "testconfig",
                "primary": true,
                "private_ip_address": "10.0.2.4",
                "private_ip_address_allocation": "Dynamic",
                "private_ip_address_version": "IPv4",
                "public_ip_address_id": "/subscriptions/3f1757e1-b938-4c4f-8f00-6d2728f49f8d/resourceGroups/AzureRMResource/providers/Microsoft.Network/publicIPAddresses/publicip2",
                "subnet_id": "/subscriptions/3f1757e1-b938-4c4f-8f00-6d2728f49f8d/resourceGroups/AzureRMResource/providers/Microsoft.Network/virtualNetworks/azurevnettfnetwork/subnets/subnetfortfcourse"
              }
            ],
            "location": "eastus",
            "mac_address": "",
            "name": "vm-nic2",
            "private_ip_address": "10.0.2.4",
            "private_ip_addresses": [
              "10.0.2.4"
            ],
            "resource_group_name": "AzureRMResource",
            "tags": null,
            "timeouts": null,
            "virtual_machine_id": ""
          },
          "sensitive_attributes": [],
          "private": "eyJlMmJmYjczMC1lY2FhLTExZTYtOGY4OC0zNDM2M2JjN2M0YzAiOnsiY3JlYXRlIjoxODAwMDAwMDAwMDAwLCJkZWxldGUiOjE4MDAwMDAwMDAwMDAsInJlYWQiOjMwMDAwMDAwMDAwMCwidXBkYXRlIjoxODAwMDAwMDAwMDAwfX0=",
          "dependencies": [
            "azurerm_public_ip.publicip",
            "azurerm_resource_group.resourcegroup",
            "azurerm_subnet.azsubnet",
            "azurerm_virtual_network.azvnet"
          ]
        }
      ]
    },
    {
      "mode": "managed",
      "type": "azurerm_network_security_group",
      "name": "nsgrule",
      "provider": "provider[\"registry.terraform.io/hashicorp/azurerm\"]",
      "instances": [
        {
          "schema_version": 0,
          "attributes": {
            "id": "/subscriptions/3f1757e1-b938-4c4f-8f00-6d2728f49f8d/resourceGroups/AzureRMResource/providers/Microsoft.Network/networkSecurityGroups/Azurenetworkecuritygrouprules",
            "location": "eastus",
            "name": "Azurenetworkecuritygrouprules",
            "resource_group_name": "AzureRMResource",
            "security_rule": [
              {
                "access": "Allow",
                "description": "",
                "destination_address_prefix": "*",
                "destination_address_prefixes": [],
                "destination_application_security_group_ids": [],
                "destination_port_range": "*",
                "destination_port_ranges": [],
                "direction": "Inbound",
                "name": "test1234",
                "priority": 101,
                "protocol": "Tcp",
                "source_address_prefix": "*",
                "source_address_prefixes": [],
                "source_application_security_group_ids": [],
                "source_port_range": "443",
                "source_port_ranges": []
              },
              {
                "access": "Allow",
                "description": "",
                "destination_address_prefix": "*",
                "destination_address_prefixes": [],
                "destination_application_security_group_ids": [],
                "destination_port_range": "*",
                "destination_port_ranges": [],
                "direction": "Inbound",
                "name": "test1235",
                "priority": 102,
                "protocol": "Tcp",
                "source_address_prefix": "*",
                "source_address_prefixes": [],
                "source_application_security_group_ids": [],
                "source_port_range": "3389",
                "source_port_ranges": []
              },
              {
                "access": "Allow",
                "description": "",
                "destination_address_prefix": "*",
                "destination_address_prefixes": [],
                "destination_application_security_group_ids": [],
                "destination_port_range": "22",
                "destination_port_ranges": [],
                "direction": "Inbound",
                "name": "test123",
                "priority": 100,
                "protocol": "Tcp",
                "source_address_prefix": "*",
                "source_address_prefixes": [],
                "source_application_security_group_ids": [],
                "source_port_range": "*",
                "source_port_ranges": []
              }
            ],
            "tags": null,
            "timeouts": null
          },
          "sensitive_attributes": [],
          "private": "eyJlMmJmYjczMC1lY2FhLTExZTYtOGY4OC0zNDM2M2JjN2M0YzAiOnsiY3JlYXRlIjoxODAwMDAwMDAwMDAwLCJkZWxldGUiOjE4MDAwMDAwMDAwMDAsInJlYWQiOjMwMDAwMDAwMDAwMCwidXBkYXRlIjoxODAwMDAwMDAwMDAwfX0=",
          "dependencies": [
            "azurerm_resource_group.resourcegroup"
          ]
        }
      ]
    },
    {
      "mode": "managed",
      "type": "azurerm_public_ip",
      "name": "publicip",
      "provider": "provider[\"registry.terraform.io/hashicorp/azurerm\"]",
      "instances": [
        {
          "index_key": 0,
          "schema_version": 0,
          "attributes": {
            "allocation_method": "Static",
            "domain_name_label": null,
            "fqdn": null,
            "id": "/subscriptions/3f1757e1-b938-4c4f-8f00-6d2728f49f8d/resourceGroups/AzureRMResource/providers/Microsoft.Network/publicIPAddresses/publicip0",
            "idle_timeout_in_minutes": 4,
            "ip_address": "52.255.173.38",
            "ip_version": "IPv4",
            "location": "eastus",
            "name": "publicip0",
            "public_ip_prefix_id": null,
            "resource_group_name": "AzureRMResource",
            "reverse_fqdn": null,
            "sku": "Basic",
            "tags": null,
            "timeouts": null,
            "zones": null
          },
          "sensitive_attributes": [],
          "private": "eyJlMmJmYjczMC1lY2FhLTExZTYtOGY4OC0zNDM2M2JjN2M0YzAiOnsiY3JlYXRlIjoxODAwMDAwMDAwMDAwLCJkZWxldGUiOjE4MDAwMDAwMDAwMDAsInJlYWQiOjMwMDAwMDAwMDAwMCwidXBkYXRlIjoxODAwMDAwMDAwMDAwfX0=",
          "dependencies": [
            "azurerm_resource_group.resourcegroup"
          ]
        },
        {
          "index_key": 1,
          "schema_version": 0,
          "attributes": {
            "allocation_method": "Static",
            "domain_name_label": null,
            "fqdn": null,
            "id": "/subscriptions/3f1757e1-b938-4c4f-8f00-6d2728f49f8d/resourceGroups/AzureRMResource/providers/Microsoft.Network/publicIPAddresses/publicip1",
            "idle_timeout_in_minutes": 4,
            "ip_address": "52.188.52.193",
            "ip_version": "IPv4",
            "location": "eastus",
            "name": "publicip1",
            "public_ip_prefix_id": null,
            "resource_group_name": "AzureRMResource",
            "reverse_fqdn": null,
            "sku": "Basic",
            "tags": null,
            "timeouts": null,
            "zones": null
          },
          "sensitive_attributes": [],
          "private": "eyJlMmJmYjczMC1lY2FhLTExZTYtOGY4OC0zNDM2M2JjN2M0YzAiOnsiY3JlYXRlIjoxODAwMDAwMDAwMDAwLCJkZWxldGUiOjE4MDAwMDAwMDAwMDAsInJlYWQiOjMwMDAwMDAwMDAwMCwidXBkYXRlIjoxODAwMDAwMDAwMDAwfX0=",
          "dependencies": [
            "azurerm_resource_group.resourcegroup"
          ]
        },
        {
          "index_key": 2,
          "schema_version": 0,
          "attributes": {
            "allocation_method": "Static",
            "domain_name_label": null,
            "fqdn": null,
            "id": "/subscriptions/3f1757e1-b938-4c4f-8f00-6d2728f49f8d/resourceGroups/AzureRMResource/providers/Microsoft.Network/publicIPAddresses/publicip2",
            "idle_timeout_in_minutes": 4,
            "ip_address": "52.188.52.191",
            "ip_version": "IPv4",
            "location": "eastus",
            "name": "publicip2",
            "public_ip_prefix_id": null,
            "resource_group_name": "AzureRMResource",
            "reverse_fqdn": null,
            "sku": "Basic",
            "tags": null,
            "timeouts": null,
            "zones": null
          },
          "sensitive_attributes": [],
          "private": "eyJlMmJmYjczMC1lY2FhLTExZTYtOGY4OC0zNDM2M2JjN2M0YzAiOnsiY3JlYXRlIjoxODAwMDAwMDAwMDAwLCJkZWxldGUiOjE4MDAwMDAwMDAwMDAsInJlYWQiOjMwMDAwMDAwMDAwMCwidXBkYXRlIjoxODAwMDAwMDAwMDAwfX0=",
          "dependencies": [
            "azurerm_resource_group.resourcegroup"
          ]
        }
      ]
    },
    {
      "mode": "managed",
      "type": "azurerm_resource_group",
      "name": "resourcegroup",
      "provider": "provider[\"registry.terraform.io/hashicorp/azurerm\"]",
      "instances": [
        {
          "schema_version": 0,
          "attributes": {
            "id": "/subscriptions/3f1757e1-b938-4c4f-8f00-6d2728f49f8d/resourceGroups/AzureRMResource",
            "location": "eastus",
            "name": "AzureRMResource",
            "tags": {
              "enviornment": "demo",
              "owner": "myli",
              "purpose": "TFdemo"
            },
            "timeouts": null
          },
          "sensitive_attributes": [],
          "private": "eyJlMmJmYjczMC1lY2FhLTExZTYtOGY4OC0zNDM2M2JjN2M0YzAiOnsiY3JlYXRlIjo1NDAwMDAwMDAwMDAwLCJkZWxldGUiOjU0MDAwMDAwMDAwMDAsInJlYWQiOjMwMDAwMDAwMDAwMCwidXBkYXRlIjo1NDAwMDAwMDAwMDAwfX0="
        }
      ]
    },
    {
      "mode": "managed",
      "type": "azurerm_storage_account",
      "name": "bootdiagnistic",
      "provider": "provider[\"registry.terraform.io/hashicorp/azurerm\"]",
      "instances": [
        {
          "schema_version": 2,
          "attributes": {
            "access_tier": "Hot",
            "account_kind": "StorageV2",
            "account_replication_type": "GRS",
            "account_tier": "Standard",
            "allow_blob_public_access": false,
            "blob_properties": [],
            "custom_domain": [],
            "enable_https_traffic_only": true,
            "id": "/subscriptions/3f1757e1-b938-4c4f-8f00-6d2728f49f8d/resourceGroups/AzureRMResource/providers/Microsoft.Storage/storageAccounts/bootdiagshanterraform",
            "identity": [],
            "is_hns_enabled": false,
            "large_file_share_enabled": null,
            "location": "eastus",
            "min_tls_version": "TLS1_0",
            "name": "bootdiagshanterraform",
            "network_rules": [
              {
                "bypass": [
                  "AzureServices"
                ],
                "default_action": "Allow",
                "ip_rules": [],
                "virtual_network_subnet_ids": []
              }
            ],
            "primary_access_key": "RSlVadpzBOfBEtOiXy2+dtEJVsPkao96HcXBLdmfDhPMYIDQL6DxthrSI81qovxl1IO0GsAOOShymhZMvcgKSQ==",
            "primary_blob_connection_string": "DefaultEndpointsProtocol=https;BlobEndpoint=https://bootdiagshanterraform.blob.core.windows.net/;AccountName=bootdiagshanterraform;AccountKey=RSlVadpzBOfBEtOiXy2+dtEJVsPkao96HcXBLdmfDhPMYIDQL6DxthrSI81qovxl1IO0GsAOOShymhZMvcgKSQ==",
            "primary_blob_endpoint": "https://bootdiagshanterraform.blob.core.windows.net/",
            "primary_blob_host": "bootdiagshanterraform.blob.core.windows.net",
            "primary_connection_string": "DefaultEndpointsProtocol=https;AccountName=bootdiagshanterraform;AccountKey=RSlVadpzBOfBEtOiXy2+dtEJVsPkao96HcXBLdmfDhPMYIDQL6DxthrSI81qovxl1IO0GsAOOShymhZMvcgKSQ==;EndpointSuffix=core.windows.net",
            "primary_dfs_endpoint": "https://bootdiagshanterraform.dfs.core.windows.net/",
            "primary_dfs_host": "bootdiagshanterraform.dfs.core.windows.net",
            "primary_file_endpoint": "https://bootdiagshanterraform.file.core.windows.net/",
            "primary_file_host": "bootdiagshanterraform.file.core.windows.net",
            "primary_location": "eastus",
            "primary_queue_endpoint": "https://bootdiagshanterraform.queue.core.windows.net/",
            "primary_queue_host": "bootdiagshanterraform.queue.core.windows.net",
            "primary_table_endpoint": "https://bootdiagshanterraform.table.core.windows.net/",
            "primary_table_host": "bootdiagshanterraform.table.core.windows.net",
            "primary_web_endpoint": "https://bootdiagshanterraform.z13.web.core.windows.net/",
            "primary_web_host": "bootdiagshanterraform.z13.web.core.windows.net",
            "queue_properties": [
              {
                "cors_rule": [],
                "hour_metrics": [
                  {
                    "enabled": true,
                    "include_apis": true,
                    "retention_policy_days": 7,
                    "version": "1.0"
                  }
                ],
                "logging": [
                  {
                    "delete": false,
                    "read": false,
                    "retention_policy_days": 0,
                    "version": "1.0",
                    "write": false
                  }
                ],
                "minute_metrics": [
                  {
                    "enabled": false,
                    "include_apis": false,
                    "retention_policy_days": 0,
                    "version": "1.0"
                  }
                ]
              }
            ],
            "resource_group_name": "AzureRMResource",
            "secondary_access_key": "biEOe3+py25ITpvNn5pdNqEe2v6JGANKtaojsmyBCfiKzhqPyiRbIx3ELBBfe6UkLyO6gzRkEro5DT3rFqKNXA==",
            "secondary_blob_connection_string": "",
            "secondary_blob_endpoint": null,
            "secondary_blob_host": null,
            "secondary_connection_string": "DefaultEndpointsProtocol=https;AccountName=bootdiagshanterraform;AccountKey=biEOe3+py25ITpvNn5pdNqEe2v6JGANKtaojsmyBCfiKzhqPyiRbIx3ELBBfe6UkLyO6gzRkEro5DT3rFqKNXA==;EndpointSuffix=core.windows.net",
            "secondary_dfs_endpoint": null,
            "secondary_dfs_host": null,
            "secondary_file_endpoint": null,
            "secondary_file_host": null,
            "secondary_location": "westus",
            "secondary_queue_endpoint": null,
            "secondary_queue_host": null,
            "secondary_table_endpoint": null,
            "secondary_table_host": null,
            "secondary_web_endpoint": null,
            "secondary_web_host": null,
            "static_website": [],
            "tags": null,
            "timeouts": null
          },
          "sensitive_attributes": [],
          "private": "eyJlMmJmYjczMC1lY2FhLTExZTYtOGY4OC0zNDM2M2JjN2M0YzAiOnsiY3JlYXRlIjozNjAwMDAwMDAwMDAwLCJkZWxldGUiOjM2MDAwMDAwMDAwMDAsInJlYWQiOjMwMDAwMDAwMDAwMCwidXBkYXRlIjozNjAwMDAwMDAwMDAwfSwic2NoZW1hX3ZlcnNpb24iOiIyIn0=",
          "dependencies": [
            "azurerm_resource_group.resourcegroup"
          ]
        }
      ]
    },
    {
      "mode": "managed",
      "type": "azurerm_storage_account",
      "name": "storage",
      "provider": "provider[\"registry.terraform.io/hashicorp/azurerm\"]",
      "instances": [
        {
          "schema_version": 2,
          "attributes": {
            "access_tier": "Hot",
            "account_kind": "StorageV2",
            "account_replication_type": "GRS",
            "account_tier": "Standard",
            "allow_blob_public_access": false,
            "blob_properties": [],
            "custom_domain": [],
            "enable_https_traffic_only": true,
            "id": "/subscriptions/3f1757e1-b938-4c4f-8f00-6d2728f49f8d/resourceGroups/AzureRMResource/providers/Microsoft.Storage/storageAccounts/azuredevopscoderedsto",
            "identity": [],
            "is_hns_enabled": false,
            "large_file_share_enabled": null,
            "location": "eastus",
            "min_tls_version": "TLS1_0",
            "name": "azuredevopscoderedsto",
            "network_rules": [
              {
                "bypass": [
                  "AzureServices"
                ],
                "default_action": "Allow",
                "ip_rules": [],
                "virtual_network_subnet_ids": []
              }
            ],
            "primary_access_key": "/S+aOReKQaa0NuAMi/9RHvHjOH4sQe273l71ojFutrUeDmqTlbBrQq6kME4YdNXt6IGpSEn1WX2+ml3zCHr//g==",
            "primary_blob_connection_string": "DefaultEndpointsProtocol=https;BlobEndpoint=https://azuredevopscoderedsto.blob.core.windows.net/;AccountName=azuredevopscoderedsto;AccountKey=/S+aOReKQaa0NuAMi/9RHvHjOH4sQe273l71ojFutrUeDmqTlbBrQq6kME4YdNXt6IGpSEn1WX2+ml3zCHr//g==",
            "primary_blob_endpoint": "https://azuredevopscoderedsto.blob.core.windows.net/",
            "primary_blob_host": "azuredevopscoderedsto.blob.core.windows.net",
            "primary_connection_string": "DefaultEndpointsProtocol=https;AccountName=azuredevopscoderedsto;AccountKey=/S+aOReKQaa0NuAMi/9RHvHjOH4sQe273l71ojFutrUeDmqTlbBrQq6kME4YdNXt6IGpSEn1WX2+ml3zCHr//g==;EndpointSuffix=core.windows.net",
            "primary_dfs_endpoint": "https://azuredevopscoderedsto.dfs.core.windows.net/",
            "primary_dfs_host": "azuredevopscoderedsto.dfs.core.windows.net",
            "primary_file_endpoint": "https://azuredevopscoderedsto.file.core.windows.net/",
            "primary_file_host": "azuredevopscoderedsto.file.core.windows.net",
            "primary_location": "eastus",
            "primary_queue_endpoint": "https://azuredevopscoderedsto.queue.core.windows.net/",
            "primary_queue_host": "azuredevopscoderedsto.queue.core.windows.net",
            "primary_table_endpoint": "https://azuredevopscoderedsto.table.core.windows.net/",
            "primary_table_host": "azuredevopscoderedsto.table.core.windows.net",
            "primary_web_endpoint": "https://azuredevopscoderedsto.z13.web.core.windows.net/",
            "primary_web_host": "azuredevopscoderedsto.z13.web.core.windows.net",
            "queue_properties": [
              {
                "cors_rule": [],
                "hour_metrics": [
                  {
                    "enabled": true,
                    "include_apis": true,
                    "retention_policy_days": 7,
                    "version": "1.0"
                  }
                ],
                "logging": [
                  {
                    "delete": false,
                    "read": false,
                    "retention_policy_days": 0,
                    "version": "1.0",
                    "write": false
                  }
                ],
                "minute_metrics": [
                  {
                    "enabled": false,
                    "include_apis": false,
                    "retention_policy_days": 0,
                    "version": "1.0"
                  }
                ]
              }
            ],
            "resource_group_name": "AzureRMResource",
            "secondary_access_key": "sFiUdFGRjZdI40ED9B9Fb9LhmPn61oXWqs8JUGkuQSh46rBrJVdqw9Q8FK7cyCchEz9XbPVJypXNNi4/4Hb21A==",
            "secondary_blob_connection_string": "",
            "secondary_blob_endpoint": null,
            "secondary_blob_host": null,
            "secondary_connection_string": "DefaultEndpointsProtocol=https;AccountName=azuredevopscoderedsto;AccountKey=sFiUdFGRjZdI40ED9B9Fb9LhmPn61oXWqs8JUGkuQSh46rBrJVdqw9Q8FK7cyCchEz9XbPVJypXNNi4/4Hb21A==;EndpointSuffix=core.windows.net",
            "secondary_dfs_endpoint": null,
            "secondary_dfs_host": null,
            "secondary_file_endpoint": null,
            "secondary_file_host": null,
            "secondary_location": "westus",
            "secondary_queue_endpoint": null,
            "secondary_queue_host": null,
            "secondary_table_endpoint": null,
            "secondary_table_host": null,
            "secondary_web_endpoint": null,
            "secondary_web_host": null,
            "static_website": [],
            "tags": {
              "enviornment": "demo",
              "owner": "myli",
              "purpose": "TFdemo"
            },
            "timeouts": null
          },
          "sensitive_attributes": [],
          "private": "eyJlMmJmYjczMC1lY2FhLTExZTYtOGY4OC0zNDM2M2JjN2M0YzAiOnsiY3JlYXRlIjozNjAwMDAwMDAwMDAwLCJkZWxldGUiOjM2MDAwMDAwMDAwMDAsInJlYWQiOjMwMDAwMDAwMDAwMCwidXBkYXRlIjozNjAwMDAwMDAwMDAwfSwic2NoZW1hX3ZlcnNpb24iOiIyIn0=",
          "dependencies": [
            "azurerm_resource_group.resourcegroup"
          ]
        }
      ]
    },
    {
      "mode": "managed",
      "type": "azurerm_storage_container",
      "name": "example",
      "provider": "provider[\"registry.terraform.io/hashicorp/azurerm\"]",
      "instances": [
        {
          "index_key": 0,
          "schema_version": 1,
          "attributes": {
            "container_access_type": "private",
            "has_immutability_policy": false,
            "has_legal_hold": false,
            "id": "https://azuredevopscoderedsto.blob.core.windows.net/tfdemocontainer0",
            "metadata": {},
            "name": "tfdemocontainer0",
            "resource_manager_id": "/subscriptions/3f1757e1-b938-4c4f-8f00-6d2728f49f8d/resourceGroups/AzureRMResource/providers/Microsoft.Storage/storageAccounts/azuredevopscoderedsto/blobServices/default/containers/tfdemocontainer0",
            "storage_account_name": "azuredevopscoderedsto",
            "timeouts": null
          },
          "sensitive_attributes": [],
          "private": "eyJlMmJmYjczMC1lY2FhLTExZTYtOGY4OC0zNDM2M2JjN2M0YzAiOnsiY3JlYXRlIjoxODAwMDAwMDAwMDAwLCJkZWxldGUiOjE4MDAwMDAwMDAwMDAsInJlYWQiOjMwMDAwMDAwMDAwMCwidXBkYXRlIjoxODAwMDAwMDAwMDAwfSwic2NoZW1hX3ZlcnNpb24iOiIxIn0=",
          "dependencies": [
            "azurerm_resource_group.resourcegroup",
            "azurerm_storage_account.storage"
          ]
        },
        {
          "index_key": 1,
          "schema_version": 1,
          "attributes": {
            "container_access_type": "private",
            "has_immutability_policy": false,
            "has_legal_hold": false,
            "id": "https://azuredevopscoderedsto.blob.core.windows.net/tfdemocontainer1",
            "metadata": {},
            "name": "tfdemocontainer1",
            "resource_manager_id": "/subscriptions/3f1757e1-b938-4c4f-8f00-6d2728f49f8d/resourceGroups/AzureRMResource/providers/Microsoft.Storage/storageAccounts/azuredevopscoderedsto/blobServices/default/containers/tfdemocontainer1",
            "storage_account_name": "azuredevopscoderedsto",
            "timeouts": null
          },
          "sensitive_attributes": [],
          "private": "eyJlMmJmYjczMC1lY2FhLTExZTYtOGY4OC0zNDM2M2JjN2M0YzAiOnsiY3JlYXRlIjoxODAwMDAwMDAwMDAwLCJkZWxldGUiOjE4MDAwMDAwMDAwMDAsInJlYWQiOjMwMDAwMDAwMDAwMCwidXBkYXRlIjoxODAwMDAwMDAwMDAwfSwic2NoZW1hX3ZlcnNpb24iOiIxIn0=",
          "dependencies": [
            "azurerm_resource_group.resourcegroup",
            "azurerm_storage_account.storage"
          ]
        },
        {
          "index_key": 2,
          "schema_version": 1,
          "attributes": {
            "container_access_type": "private",
            "has_immutability_policy": false,
            "has_legal_hold": false,
            "id": "https://azuredevopscoderedsto.blob.core.windows.net/tfdemocontainer2",
            "metadata": {},
            "name": "tfdemocontainer2",
            "resource_manager_id": "/subscriptions/3f1757e1-b938-4c4f-8f00-6d2728f49f8d/resourceGroups/AzureRMResource/providers/Microsoft.Storage/storageAccounts/azuredevopscoderedsto/blobServices/default/containers/tfdemocontainer2",
            "storage_account_name": "azuredevopscoderedsto",
            "timeouts": null
          },
          "sensitive_attributes": [],
          "private": "eyJlMmJmYjczMC1lY2FhLTExZTYtOGY4OC0zNDM2M2JjN2M0YzAiOnsiY3JlYXRlIjoxODAwMDAwMDAwMDAwLCJkZWxldGUiOjE4MDAwMDAwMDAwMDAsInJlYWQiOjMwMDAwMDAwMDAwMCwidXBkYXRlIjoxODAwMDAwMDAwMDAwfSwic2NoZW1hX3ZlcnNpb24iOiIxIn0=",
          "dependencies": [
            "azurerm_resource_group.resourcegroup",
            "azurerm_storage_account.storage"
          ]
        },
        {
          "index_key": 3,
          "schema_version": 1,
          "attributes": {
            "container_access_type": "private",
            "has_immutability_policy": false,
            "has_legal_hold": false,
            "id": "https://azuredevopscoderedsto.blob.core.windows.net/tfdemocontainer3",
            "metadata": {},
            "name": "tfdemocontainer3",
            "resource_manager_id": "/subscriptions/3f1757e1-b938-4c4f-8f00-6d2728f49f8d/resourceGroups/AzureRMResource/providers/Microsoft.Storage/storageAccounts/azuredevopscoderedsto/blobServices/default/containers/tfdemocontainer3",
            "storage_account_name": "azuredevopscoderedsto",
            "timeouts": null
          },
          "sensitive_attributes": [],
          "private": "eyJlMmJmYjczMC1lY2FhLTExZTYtOGY4OC0zNDM2M2JjN2M0YzAiOnsiY3JlYXRlIjoxODAwMDAwMDAwMDAwLCJkZWxldGUiOjE4MDAwMDAwMDAwMDAsInJlYWQiOjMwMDAwMDAwMDAwMCwidXBkYXRlIjoxODAwMDAwMDAwMDAwfSwic2NoZW1hX3ZlcnNpb24iOiIxIn0=",
          "dependencies": [
            "azurerm_resource_group.resourcegroup",
            "azurerm_storage_account.storage"
          ]
        }
      ]
    },
    {
      "mode": "managed",
      "type": "azurerm_subnet",
      "name": "azsubnet",
      "provider": "provider[\"registry.terraform.io/hashicorp/azurerm\"]",
      "instances": [
        {
          "schema_version": 0,
          "attributes": {
            "address_prefix": "10.0.2.0/23",
            "address_prefixes": [
              "10.0.2.0/23"
            ],
            "delegation": [],
            "enforce_private_link_endpoint_network_policies": false,
            "enforce_private_link_service_network_policies": false,
            "id": "/subscriptions/3f1757e1-b938-4c4f-8f00-6d2728f49f8d/resourceGroups/AzureRMResource/providers/Microsoft.Network/virtualNetworks/azurevnettfnetwork/subnets/subnetfortfcourse",
            "name": "subnetfortfcourse",
            "resource_group_name": "AzureRMResource",
            "service_endpoint_policy_ids": null,
            "service_endpoints": null,
            "timeouts": null,
            "virtual_network_name": "azurevnettfnetwork"
          },
          "sensitive_attributes": [],
          "private": "eyJlMmJmYjczMC1lY2FhLTExZTYtOGY4OC0zNDM2M2JjN2M0YzAiOnsiY3JlYXRlIjoxODAwMDAwMDAwMDAwLCJkZWxldGUiOjE4MDAwMDAwMDAwMDAsInJlYWQiOjMwMDAwMDAwMDAwMCwidXBkYXRlIjoxODAwMDAwMDAwMDAwfX0=",
          "dependencies": [
            "azurerm_resource_group.resourcegroup",
            "azurerm_virtual_network.azvnet"
          ]
        }
      ]
    },
    {
      "mode": "managed",
      "type": "azurerm_virtual_network",
      "name": "azvnet",
      "provider": "provider[\"registry.terraform.io/hashicorp/azurerm\"]",
      "instances": [
        {
          "schema_version": 0,
          "attributes": {
            "address_space": [
              "10.0.0.0/16"
            ],
            "bgp_community": "",
            "ddos_protection_plan": [],
            "dns_servers": null,
            "guid": "1fae62e9-3849-4777-8fd8-4a30e912f852",
            "id": "/subscriptions/3f1757e1-b938-4c4f-8f00-6d2728f49f8d/resourceGroups/AzureRMResource/providers/Microsoft.Network/virtualNetworks/azurevnettfnetwork",
            "location": "eastus",
            "name": "azurevnettfnetwork",
            "resource_group_name": "AzureRMResource",
            "subnet": [],
            "tags": null,
            "timeouts": null,
            "vm_protection_enabled": false
          },
          "sensitive_attributes": [],
          "private": "eyJlMmJmYjczMC1lY2FhLTExZTYtOGY4OC0zNDM2M2JjN2M0YzAiOnsiY3JlYXRlIjoxODAwMDAwMDAwMDAwLCJkZWxldGUiOjE4MDAwMDAwMDAwMDAsInJlYWQiOjMwMDAwMDAwMDAwMCwidXBkYXRlIjoxODAwMDAwMDAwMDAwfX0=",
          "dependencies": [
            "azurerm_resource_group.resourcegroup"
          ]
        }
      ]
    },
    {
      "mode": "managed",
      "type": "random_password",
      "name": "password",
      "provider": "provider[\"registry.terraform.io/hashicorp/random\"]",
      "instances": [
        {
          "schema_version": 0,
          "attributes": {
            "id": "none",
            "keepers": null,
            "length": 8,
            "lower": true,
            "min_lower": 0,
            "min_numeric": 0,
            "min_special": 0,
            "min_upper": 0,
            "number": true,
            "override_special": null,
            "result": "}VyR(PgE",
            "special": true,
            "upper": true
          },
          "sensitive_attributes": [],
          "private": "bnVsbA=="
        }
      ]
    }
  ]
}
